Microsoft Visual Studio Solution File, Format Version 12.00
# Visual Studio Version 17
VisualStudioVersion = 17.5.2.0
MinimumVisualStudioVersion = 10.0.40219.1
Project("{FAE04EC0-301F-11D3-BF4B-00C04F79EFBC}") = "mcp-server", "ProductsMCP.csproj", "{143FE8E9-477F-543F-878C-EDA6D18EB906}"
EndProject
Global
	GlobalSection(SolutionConfigurationPlatforms) = preSolution
		Debug|Any CPU = Debug|Any CPU
		Release|Any CPU = Release|Any CPU
	EndGlobalSection
	GlobalSection(ProjectConfigurationPlatforms) = postSolution
		{143FE8E9-477F-543F-878C-EDA6D18EB906}.Debug|Any CPU.ActiveCfg = Debug|Any CPU
		{143FE8E9-477F-543F-878C-EDA6D18EB906}.Debug|Any CPU.Build.0 = Debug|Any CPU
		{143FE8E9-477F-543F-878C-EDA6D18EB906}.Release|Any CPU.ActiveCfg = Release|Any CPU
		{143FE8E9-477F-543F-878C-EDA6D18EB906}.Release|Any CPU.Build.0 = Release|Any CPU
	EndGlobalSection
	GlobalSection(SolutionProperties) = preSolution
		HideSolutionNode = FALSE
	EndGlobalSection
	GlobalSection(ExtensibilityGlobals) = postSolution
		SolutionGuid = {5CE291F0-F2DD-491F-BDAC-6802E621E0BC}
	EndGlobalSection
EndGlobal
